
Microsoft Visual Studio Solution File, Format Version 12.00
# Visual Studio Version 16
VisualStudioVersion = 16.0.30717.126
MinimumVisualStudioVersion = 10.0.40219.1
Project("{FAE04EC0-301F-11D3-BF4B-00C04F79EFBC}") = "LeagueApp", "LeagueApp\LeagueApp.csproj", "{C54BC9EE-8248-4D2F-93C3-E355ED9C3F60}"
EndProject
Global
	GlobalSection(SolutionConfigurationPlatforms) = preSolution
		Debug|Any CPU = Debug|Any CPU
		Release|Any CPU = Release|Any CPU
	EndGlobalSection
	GlobalSection(ProjectConfigurationPlatforms) = postSolution
		{C54BC9EE-8248-4D2F-93C3-E355ED9C3F60}.Debug|Any CPU.ActiveCfg = Debug|Any CPU
		{C54BC9EE-8248-4D2F-93C3-E355ED9C3F60}.Debug|Any CPU.Build.0 = Debug|Any CPU
		{C54BC9EE-8248-4D2F-93C3-E355ED9C3F60}.Release|Any CPU.ActiveCfg = Release|Any CPU
		{C54BC9EE-8248-4D2F-93C3-E355ED9C3F60}.Release|Any CPU.Build.0 = Release|Any CPU
	EndGlobalSection
	GlobalSection(SolutionProperties) = preSolution
		HideSolutionNode = FALSE
	EndGlobalSection
	GlobalSection(ExtensibilityGlobals) = postSolution
		SolutionGuid = {FFCB7AA6-36F6-4BC5-8ACB-5BCB663F9C26}
	EndGlobalSection
EndGlobal
